
Microsoft Visual Studio Solution File, Format Version 12.00
# Visual Studio Version 16
VisualStudioVersion = 16.0.29326.143
MinimumVisualStudioVersion = 10.0.40219.1
Project("{FAE04EC0-301F-11D3-BF4B-00C04F79EFBC}") = "WpfApp1", "WpfApp1\WpfApp1.csproj", "{9BC98EA4-92EC-4630-893D-EE8DC57418E6}"
EndProject
Global
	GlobalSection(SolutionConfigurationPlatforms) = preSolution
		Debug|Any CPU = Debug|Any CPU
		Release|Any CPU = Release|Any CPU
	EndGlobalSection
	GlobalSection(ProjectConfigurationPlatforms) = postSolution
		{9BC98EA4-92EC-4630-893D-EE8DC57418E6}.Debug|Any CPU.ActiveCfg = Debug|Any CPU
		{9BC98EA4-92EC-4630-893D-EE8DC57418E6}.Debug|Any CPU.Build.0 = Debug|Any CPU
		{9BC98EA4-92EC-4630-893D-EE8DC57418E6}.Release|Any CPU.ActiveCfg = Release|Any CPU
		{9BC98EA4-92EC-4630-893D-EE8DC57418E6}.Release|Any CPU.Build.0 = Release|Any CPU
	EndGlobalSection
	GlobalSection(SolutionProperties) = preSolution
		HideSolutionNode = FALSE
	EndGlobalSection
	GlobalSection(ExtensibilityGlobals) = postSolution
		SolutionGuid = {0CEBBF4A-3B81-4B3D-B958-E92DBAAF92D5}
	EndGlobalSection
EndGlobal
